
Microsoft Visual Studio Solution File, Format Version 12.00
# Visual Studio Version 17
VisualStudioVersion = 17.0.31903.59
MinimumVisualStudioVersion = 10.0.40219.1
Project("{FAE04EC0-301F-11D3-BF4B-00C04F79EFBC}") = "radar-kata", "radar-kata\radar-kata.csproj", "{DA7E79E5-2879-408A-BD98-8B25A420276F}"
EndProject
Project("{FAE04EC0-301F-11D3-BF4B-00C04F79EFBC}") = "radar-kata.Test", "radar-kata.Test\radar-kata.Test.csproj", "{BBE5FAEB-33A1-41E3-A53A-08FBDE8A4984}"
EndProject
Global
	GlobalSection(SolutionConfigurationPlatforms) = preSolution
		Debug|Any CPU = Debug|Any CPU
		Release|Any CPU = Release|Any CPU
	EndGlobalSection
	GlobalSection(SolutionProperties) = preSolution
		HideSolutionNode = FALSE
	EndGlobalSection
	GlobalSection(ProjectConfigurationPlatforms) = postSolution
		{DA7E79E5-2879-408A-BD98-8B25A420276F}.Debug|Any CPU.ActiveCfg = Debug|Any CPU
		{DA7E79E5-2879-408A-BD98-8B25A420276F}.Debug|Any CPU.Build.0 = Debug|Any CPU
		{DA7E79E5-2879-408A-BD98-8B25A420276F}.Release|Any CPU.ActiveCfg = Release|Any CPU
		{DA7E79E5-2879-408A-BD98-8B25A420276F}.Release|Any CPU.Build.0 = Release|Any CPU
		{BBE5FAEB-33A1-41E3-A53A-08FBDE8A4984}.Debug|Any CPU.ActiveCfg = Debug|Any CPU
		{BBE5FAEB-33A1-41E3-A53A-08FBDE8A4984}.Debug|Any CPU.Build.0 = Debug|Any CPU
		{BBE5FAEB-33A1-41E3-A53A-08FBDE8A4984}.Release|Any CPU.ActiveCfg = Release|Any CPU
		{BBE5FAEB-33A1-41E3-A53A-08FBDE8A4984}.Release|Any CPU.Build.0 = Release|Any CPU
	EndGlobalSection
EndGlobal
